
Microsoft Visual Studio Solution File, Format Version 12.00
# Visual Studio Version 16
VisualStudioVersion = 25.0.1706.2
MinimumVisualStudioVersion = 10.0.40219.1
Project("{FAE04EC0-301F-11D3-BF4B-00C04F79EFBC}") = "practice", "practice\practice.csproj", "{5DBD7EBF-DF73-4FDB-9588-66B4D449F791}"
EndProject
Global
	GlobalSection(SolutionConfigurationPlatforms) = preSolution
		Debug|Any CPU = Debug|Any CPU
		Release|Any CPU = Release|Any CPU
	EndGlobalSection
	GlobalSection(ProjectConfigurationPlatforms) = postSolution
		{5DBD7EBF-DF73-4FDB-9588-66B4D449F791}.Debug|Any CPU.ActiveCfg = Debug|Any CPU
		{5DBD7EBF-DF73-4FDB-9588-66B4D449F791}.Debug|Any CPU.Build.0 = Debug|Any CPU
		{5DBD7EBF-DF73-4FDB-9588-66B4D449F791}.Release|Any CPU.ActiveCfg = Release|Any CPU
		{5DBD7EBF-DF73-4FDB-9588-66B4D449F791}.Release|Any CPU.Build.0 = Release|Any CPU
	EndGlobalSection
	GlobalSection(SolutionProperties) = preSolution
		HideSolutionNode = FALSE
	EndGlobalSection
	GlobalSection(ExtensibilityGlobals) = postSolution
		SolutionGuid = {F92A6A96-1C40-4E83-9DA7-98AC95C01A0C}
	EndGlobalSection
EndGlobal
